// !$*UTF8*$!
{
	archiveVersion = 1;
	classes = {
	};
	objectVersion = 50;
	objects = {

/* Begin PBXBuildFile section */
		4F3BBE6B26F5F6E3004F04C1 /* AppDelegate.swift in Sources */ = {isa = PBXBuildFile; fileRef = 4F3BBE6A26F5F6E3004F04C1 /* AppDelegate.swift */; };
		4F3BBE6F26F5F6E3004F04C1 /* CurrentWeatherViewController.swift in Sources */ = {isa = PBXBuildFile; fileRef = 4F3BBE6E26F5F6E3004F04C1 /* CurrentWeatherViewController.swift */; };
		4F3BBE7426F5F6E5004F04C1 /* Assets.xcassets in Resources */ = {isa = PBXBuildFile; fileRef = 4F3BBE7326F5F6E5004F04C1 /* Assets.xcassets */; };
		4F3BBE7726F5F6E5004F04C1 /* LaunchScreen.storyboard in Resources */ = {isa = PBXBuildFile; fileRef = 4F3BBE7526F5F6E5004F04C1 /* LaunchScreen.storyboard */; };
		4F3BBE8C26F62A01004F04C1 /* TabBarController.swift in Sources */ = {isa = PBXBuildFile; fileRef = 4F3BBE8B26F62A01004F04C1 /* TabBarController.swift */; };
		4F3BBE8E26F62BB4004F04C1 /* ForecastViewController.swift in Sources */ = {isa = PBXBuildFile; fileRef = 4F3BBE8D26F62BB4004F04C1 /* ForecastViewController.swift */; };
		4F3BBE9626F6A74A004F04C1 /* ProjectStyleLabel.swift in Sources */ = {isa = PBXBuildFile; fileRef = 4F3BBE9526F6A74A004F04C1 /* ProjectStyleLabel.swift */; };
		4F3BBE9B26F75E46004F04C1 /* Extensions.swift in Sources */ = {isa = PBXBuildFile; fileRef = 4F3BBE9A26F75E46004F04C1 /* Extensions.swift */; };
		4F3BBE9D26F77D5E004F04C1 /* NavigationController.swift in Sources */ = {isa = PBXBuildFile; fileRef = 4F3BBE9C26F77D5E004F04C1 /* NavigationController.swift */; };
		4F3BBEA026F780F6004F04C1 /* Poppins-Regular.ttf in Resources */ = {isa = PBXBuildFile; fileRef = 4F3BBE9F26F77FAE004F04C1 /* Poppins-Regular.ttf */; };
		4F3BBEA226F78193004F04C1 /* Fonts.swift in Sources */ = {isa = PBXBuildFile; fileRef = 4F3BBEA126F78193004F04C1 /* Fonts.swift */; };
		4F3BBEA626F7E7CE004F04C1 /* IconNames.swift in Sources */ = {isa = PBXBuildFile; fileRef = 4F3BBEA526F7E7CE004F04C1 /* IconNames.swift */; };
		4F3BBEAA26FA3C7D004F04C1 /* Forecast.swift in Sources */ = {isa = PBXBuildFile; fileRef = 4F3BBEA926FA3C7D004F04C1 /* Forecast.swift */; };
		4F962C8B270352A80010B550 /* WindDirection.swift in Sources */ = {isa = PBXBuildFile; fileRef = 4F962C8A270352A80010B550 /* WindDirection.swift */; };
		4FE4B4DA26FBAE030092AFEE /* ForecastTableViewCell.swift in Sources */ = {isa = PBXBuildFile; fileRef = 4FE4B4D926FBAE030092AFEE /* ForecastTableViewCell.swift */; };
		4FE4B4E32701216C0092AFEE /* Manager.swift in Sources */ = {isa = PBXBuildFile; fileRef = 4FE4B4E22701216C0092AFEE /* Manager.swift */; };
		4FE4B4E5270125810092AFEE /* CurrentWeatherViewModel.swift in Sources */ = {isa = PBXBuildFile; fileRef = 4FE4B4E4270125810092AFEE /* CurrentWeatherViewModel.swift */; };
		4FE4B4E7270125D60092AFEE /* ForecastViewModel.swift in Sources */ = {isa = PBXBuildFile; fileRef = 4FE4B4E6270125D60092AFEE /* ForecastViewModel.swift */; };
		4FE4B4E92701265D0092AFEE /* Location.swift in Sources */ = {isa = PBXBuildFile; fileRef = 4FE4B4E82701265D0092AFEE /* Location.swift */; };
		4FE4B4EB2701F7B20092AFEE /* WeatherViewController.swift in Sources */ = {isa = PBXBuildFile; fileRef = 4FE4B4EA2701F7B20092AFEE /* WeatherViewController.swift */; };
/* End PBXBuildFile section */

/* Begin PBXFileReference section */
		4F3BBE6726F5F6E3004F04C1 /* weatherApp.app */ = {isa = PBXFileReference; explicitFileType = wrapper.application; includeInIndex = 0; path = weatherApp.app; sourceTree = BUILT_PRODUCTS_DIR; };
		4F3BBE6A26F5F6E3004F04C1 /* AppDelegate.swift */ = {isa = PBXFileReference; lastKnownFileType = sourcecode.swift; path = AppDelegate.swift; sourceTree = "<group>"; };
		4F3BBE6E26F5F6E3004F04C1 /* CurrentWeatherViewController.swift */ = {isa = PBXFileReference; lastKnownFileType = sourcecode.swift; path = CurrentWeatherViewController.swift; sourceTree = "<group>"; };
		4F3BBE7326F5F6E5004F04C1 /* Assets.xcassets */ = {isa = PBXFileReference; lastKnownFileType = folder.assetcatalog; path = Assets.xcassets; sourceTree = "<group>"; };
		4F3BBE7626F5F6E5004F04C1 /* Base */ = {isa = PBXFileReference; lastKnownFileType = file.storyboard; name = Base; path = Base.lproj/LaunchScreen.storyboard; sourceTree = "<group>"; };
		4F3BBE7826F5F6E5004F04C1 /* Info.plist */ = {isa = PBXFileReference; lastKnownFileType = text.plist.xml; path = Info.plist; sourceTree = "<group>"; };
		4F3BBE8B26F62A01004F04C1 /* TabBarController.swift */ = {isa = PBXFileReference; lastKnownFileType = sourcecode.swift; path = TabBarController.swift; sourceTree = "<group>"; };
		4F3BBE8D26F62BB4004F04C1 /* ForecastViewController.swift */ = {isa = PBXFileReference; lastKnownFileType = sourcecode.swift; path = ForecastViewController.swift; sourceTree = "<group>"; };
		4F3BBE9526F6A74A004F04C1 /* ProjectStyleLabel.swift */ = {isa = PBXFileReference; lastKnownFileType = sourcecode.swift; path = ProjectStyleLabel.swift; sourceTree = "<group>"; };
		4F3BBE9A26F75E46004F04C1 /* Extensions.swift */ = {isa = PBXFileReference; lastKnownFileType = sourcecode.swift; path = Extensions.swift; sourceTree = "<group>"; };
		4F3BBE9C26F77D5E004F04C1 /* NavigationController.swift */ = {isa = PBXFileReference; lastKnownFileType = sourcecode.swift; path = NavigationController.swift; sourceTree = "<group>"; };
		4F3BBE9F26F77FAE004F04C1 /* Poppins-Regular.ttf */ = {isa = PBXFileReference; lastKnownFileType = file; path = "Poppins-Regular.ttf"; sourceTree = "<group>"; };
		4F3BBEA126F78193004F04C1 /* Fonts.swift */ = {isa = PBXFileReference; lastKnownFileType = sourcecode.swift; path = Fonts.swift; sourceTree = "<group>"; };
		4F3BBEA526F7E7CE004F04C1 /* IconNames.swift */ = {isa = PBXFileReference; lastKnownFileType = sourcecode.swift; path = IconNames.swift; sourceTree = "<group>"; };
		4F3BBEA926FA3C7D004F04C1 /* Forecast.swift */ = {isa = PBXFileReference; lastKnownFileType = sourcecode.swift; path = Forecast.swift; sourceTree = "<group>"; };
		4F962C8A270352A80010B550 /* WindDirection.swift */ = {isa = PBXFileReference; lastKnownFileType = sourcecode.swift; path = WindDirection.swift; sourceTree = "<group>"; };
		4FE4B4D926FBAE030092AFEE /* ForecastTableViewCell.swift */ = {isa = PBXFileReference; lastKnownFileType = sourcecode.swift; path = ForecastTableViewCell.swift; sourceTree = "<group>"; };
		4FE4B4E22701216C0092AFEE /* Manager.swift */ = {isa = PBXFileReference; lastKnownFileType = sourcecode.swift; path = Manager.swift; sourceTree = "<group>"; };
		4FE4B4E4270125810092AFEE /* CurrentWeatherViewModel.swift */ = {isa = PBXFileReference; lastKnownFileType = sourcecode.swift; path = CurrentWeatherViewModel.swift; sourceTree = "<group>"; };
		4FE4B4E6270125D60092AFEE /* ForecastViewModel.swift */ = {isa = PBXFileReference; lastKnownFileType = sourcecode.swift; path = ForecastViewModel.swift; sourceTree = "<group>"; };
		4FE4B4E82701265D0092AFEE /* Location.swift */ = {isa = PBXFileReference; lastKnownFileType = sourcecode.swift; path = Location.swift; sourceTree = "<group>"; };
		4FE4B4EA2701F7B20092AFEE /* WeatherViewController.swift */ = {isa = PBXFileReference; lastKnownFileType = sourcecode.swift; path = WeatherViewController.swift; sourceTree = "<group>"; };
/* End PBXFileReference section */

/* Begin PBXFrameworksBuildPhase section */
		4F3BBE6426F5F6E3004F04C1 /* Frameworks */ = {
			isa = PBXFrameworksBuildPhase;
			buildActionMask = 2147483647;
			files = (
			);
			runOnlyForDeploymentPostprocessing = 0;
		};
/* End PBXFrameworksBuildPhase section */

/* Begin PBXGroup section */
		4F3BBE5E26F5F6E3004F04C1 = {
			isa = PBXGroup;
			children = (
				4F3BBE6926F5F6E3004F04C1 /* weatherApp */,
				4F3BBE6826F5F6E3004F04C1 /* Products */,
			);
			sourceTree = "<group>";
		};
		4F3BBE6826F5F6E3004F04C1 /* Products */ = {
			isa = PBXGroup;
			children = (
				4F3BBE6726F5F6E3004F04C1 /* weatherApp.app */,
			);
			name = Products;
			sourceTree = "<group>";
		};
		4F3BBE6926F5F6E3004F04C1 /* weatherApp */ = {
			isa = PBXGroup;
			children = (
				4F3BBE9926F75E35004F04C1 /* Helpers */,
				4FE4B4E1270121560092AFEE /* Manager */,
				4F3BBE9126F68FA3004F04C1 /* ViewModel */,
				4F3BBE8126F621AC004F04C1 /* Model */,
				4F3BBE8026F62178004F04C1 /* Controllers */,
				4F3BBE9426F6A716004F04C1 /* Views */,
				4F3BBE7F26F62155004F04C1 /* Resources */,
				4F3BBE7E26F62114004F04C1 /* Supporting Files */,
				4F3BBE7826F5F6E5004F04C1 /* Info.plist */,
			);
			path = weatherApp;
			sourceTree = "<group>";
		};
		4F3BBE7E26F62114004F04C1 /* Supporting Files */ = {
			isa = PBXGroup;
			children = (
				4F3BBE6A26F5F6E3004F04C1 /* AppDelegate.swift */,
				4F3BBE7526F5F6E5004F04C1 /* LaunchScreen.storyboard */,
			);
			path = "Supporting Files";
			sourceTree = "<group>";
		};
		4F3BBE7F26F62155004F04C1 /* Resources */ = {
			isa = PBXGroup;
			children = (
				4F3BBE9E26F77F25004F04C1 /* Fonts */,
				4F3BBE7326F5F6E5004F04C1 /* Assets.xcassets */,
			);
			path = Resources;
			sourceTree = "<group>";
		};
		4F3BBE8026F62178004F04C1 /* Controllers */ = {
			isa = PBXGroup;
			children = (
				4FE4B4D826FBAD810092AFEE /* ContainerControllers */,
				4FE4B4D626FBACBE0092AFEE /* CurrentWeatherViewController */,
				4FE4B4D726FBACD00092AFEE /* ForecstViewController */,
				4FE4B4EA2701F7B20092AFEE /* WeatherViewController.swift */,
			);
			path = Controllers;
			sourceTree = "<group>";
		};
		4F3BBE8126F621AC004F04C1 /* Model */ = {
			isa = PBXGroup;
			children = (
				4F3BBEA926FA3C7D004F04C1 /* Forecast.swift */,
				4FE4B4E82701265D0092AFEE /* Location.swift */,
			);
			path = Model;
			sourceTree = "<group>";
		};
		4F3BBE9126F68FA3004F04C1 /* ViewModel */ = {
			isa = PBXGroup;
			children = (
				4FE4B4E4270125810092AFEE /* CurrentWeatherViewModel.swift */,
				4FE4B4E6270125D60092AFEE /* ForecastViewModel.swift */,
			);
			path = ViewModel;
			sourceTree = "<group>";
		};
		4F3BBE9426F6A716004F04C1 /* Views */ = {
			isa = PBXGroup;
			children = (
				4F3BBE9526F6A74A004F04C1 /* ProjectStyleLabel.swift */,
			);
			path = Views;
			sourceTree = "<group>";
		};
		4F3BBE9926F75E35004F04C1 /* Helpers */ = {
			isa = PBXGroup;
			children = (
				4F3BBE9A26F75E46004F04C1 /* Extensions.swift */,
				4F3BBEA126F78193004F04C1 /* Fonts.swift */,
				4F3BBEA526F7E7CE004F04C1 /* IconNames.swift */,
				4F962C8A270352A80010B550 /* WindDirection.swift */,
			);
			path = Helpers;
			sourceTree = "<group>";
		};
		4F3BBE9E26F77F25004F04C1 /* Fonts */ = {
			isa = PBXGroup;
			children = (
				4F3BBE9F26F77FAE004F04C1 /* Poppins-Regular.ttf */,
			);
			path = Fonts;
			sourceTree = "<group>";
		};
		4FE4B4D626FBACBE0092AFEE /* CurrentWeatherViewController */ = {
			isa = PBXGroup;
			children = (
				4F3BBE6E26F5F6E3004F04C1 /* CurrentWeatherViewController.swift */,
			);
			path = CurrentWeatherViewController;
			sourceTree = "<group>";
		};
		4FE4B4D726FBACD00092AFEE /* ForecstViewController */ = {
			isa = PBXGroup;
			children = (
				4F3BBE8D26F62BB4004F04C1 /* ForecastViewController.swift */,
				4FE4B4D926FBAE030092AFEE /* ForecastTableViewCell.swift */,
			);
			path = ForecstViewController;
			sourceTree = "<group>";
		};
		4FE4B4D826FBAD810092AFEE /* ContainerControllers */ = {
			isa = PBXGroup;
			children = (
				4F3BBE9C26F77D5E004F04C1 /* NavigationController.swift */,
				4F3BBE8B26F62A01004F04C1 /* TabBarController.swift */,
			);
			path = ContainerControllers;
			sourceTree = "<group>";
		};
		4FE4B4E1270121560092AFEE /* Manager */ = {
			isa = PBXGroup;
			children = (
				4FE4B4E22701216C0092AFEE /* Manager.swift */,
			);
			path = Manager;
			sourceTree = "<group>";
		};
/* End PBXGroup section */

/* Begin PBXNativeTarget section */
		4F3BBE6626F5F6E3004F04C1 /* weatherApp */ = {
			isa = PBXNativeTarget;
			buildConfigurationList = 4F3BBE7B26F5F6E5004F04C1 /* Build configuration list for PBXNativeTarget "weatherApp" */;
			buildPhases = (
				4F3BBE6326F5F6E3004F04C1 /* Sources */,
				4F3BBE6426F5F6E3004F04C1 /* Frameworks */,
				4F3BBE6526F5F6E3004F04C1 /* Resources */,
			);
			buildRules = (
			);
			dependencies = (
			);
			name = weatherApp;
			productName = weatherApp;
			productReference = 4F3BBE6726F5F6E3004F04C1 /* weatherApp.app */;
			productType = "com.apple.product-type.application";
		};
/* End PBXNativeTarget section */

/* Begin PBXProject section */
		4F3BBE5F26F5F6E3004F04C1 /* Project object */ = {
			isa = PBXProject;
			attributes = {
				LastSwiftUpdateCheck = 1250;
				LastUpgradeCheck = 1250;
				TargetAttributes = {
					4F3BBE6626F5F6E3004F04C1 = {
						CreatedOnToolsVersion = 12.5.1;
					};
				};
			};
			buildConfigurationList = 4F3BBE6226F5F6E3004F04C1 /* Build configuration list for PBXProject "weatherApp" */;
			compatibilityVersion = "Xcode 9.3";
			developmentRegion = en;
			hasScannedForEncodings = 0;
			knownRegions = (
				en,
				Base,
			);
			mainGroup = 4F3BBE5E26F5F6E3004F04C1;
			productRefGroup = 4F3BBE6826F5F6E3004F04C1 /* Products */;
			projectDirPath = "";
			projectRoot = "";
			targets = (
				4F3BBE6626F5F6E3004F04C1 /* weatherApp */,
			);
		};
/* End PBXProject section */

/* Begin PBXResourcesBuildPhase section */
		4F3BBE6526F5F6E3004F04C1 /* Resources */ = {
			isa = PBXResourcesBuildPhase;
			buildActionMask = 2147483647;
			files = (
				4F3BBEA026F780F6004F04C1 /* Poppins-Regular.ttf in Resources */,
				4F3BBE7726F5F6E5004F04C1 /* LaunchScreen.storyboard in Resources */,
				4F3BBE7426F5F6E5004F04C1 /* Assets.xcassets in Resources */,
			);
			runOnlyForDeploymentPostprocessing = 0;
		};
/* End PBXResourcesBuildPhase section */

/* Begin PBXSourcesBuildPhase section */
		4F3BBE6326F5F6E3004F04C1 /* Sources */ = {
			isa = PBXSourcesBuildPhase;
			buildActionMask = 2147483647;
			files = (
				4F3BBEAA26FA3C7D004F04C1 /* Forecast.swift in Sources */,
				4F962C8B270352A80010B550 /* WindDirection.swift in Sources */,
				4F3BBEA226F78193004F04C1 /* Fonts.swift in Sources */,
				4FE4B4E92701265D0092AFEE /* Location.swift in Sources */,
				4FE4B4EB2701F7B20092AFEE /* WeatherViewController.swift in Sources */,
				4FE4B4E7270125D60092AFEE /* ForecastViewModel.swift in Sources */,
				4F3BBE6F26F5F6E3004F04C1 /* CurrentWeatherViewController.swift in Sources */,
				4F3BBE6B26F5F6E3004F04C1 /* AppDelegate.swift in Sources */,
				4F3BBEA626F7E7CE004F04C1 /* IconNames.swift in Sources */,
				4F3BBE8C26F62A01004F04C1 /* TabBarController.swift in Sources */,
				4FE4B4DA26FBAE030092AFEE /* ForecastTableViewCell.swift in Sources */,
				4FE4B4E5270125810092AFEE /* CurrentWeatherViewModel.swift in Sources */,
				4F3BBE9B26F75E46004F04C1 /* Extensions.swift in Sources */,
				4F3BBE9D26F77D5E004F04C1 /* NavigationController.swift in Sources */,
				4F3BBE8E26F62BB4004F04C1 /* ForecastViewController.swift in Sources */,
				4F3BBE9626F6A74A004F04C1 /* ProjectStyleLabel.swift in Sources */,
				4FE4B4E32701216C0092AFEE /* Manager.swift in Sources */,
			);
			runOnlyForDeploymentPostprocessing = 0;
		};
/* End PBXSourcesBuildPhase section */

/* Begin PBXVariantGroup section */
		4F3BBE7526F5F6E5004F04C1 /* LaunchScreen.storyboard */ = {
			isa = PBXVariantGroup;
			children = (
				4F3BBE7626F5F6E5004F04C1 /* Base */,
			);
			name = LaunchScreen.storyboard;
			sourceTree = "<group>";
		};
/* End PBXVariantGroup section */

/* Begin XCBuildConfiguration section */
		4F3BBE7926F5F6E5004F04C1 /* Debug */ = {
			isa = XCBuildConfiguration;
			buildSettings = {
				ALWAYS_SEARCH_USER_PATHS = NO;
				CLANG_ANALYZER_NONNULL = YES;
				CLANG_ANALYZER_NUMBER_OBJECT_CONVERSION = YES_AGGRESSIVE;
				CLANG_CXX_LANGUAGE_STANDARD = "gnu++14";
				CLANG_CXX_LIBRARY = "libc++";
				CLANG_ENABLE_MODULES = YES;
				CLANG_ENABLE_OBJC_ARC = YES;
				CLANG_ENABLE_OBJC_WEAK = YES;
				CLANG_WARN_BLOCK_CAPTURE_AUTORELEASING = YES;
				CLANG_WARN_BOOL_CONVERSION = YES;
				CLANG_WARN_COMMA = YES;
				CLANG_WARN_CONSTANT_CONVERSION = YES;
				CLANG_WARN_DEPRECATED_OBJC_IMPLEMENTATIONS = YES;
				CLANG_WARN_DIRECT_OBJC_ISA_USAGE = YES_ERROR;
				CLANG_WARN_DOCUMENTATION_COMMENTS = YES;
				CLANG_WARN_EMPTY_BODY = YES;
				CLANG_WARN_ENUM_CONVERSION = YES;
				CLANG_WARN_INFINITE_RECURSION = YES;
				CLANG_WARN_INT_CONVERSION = YES;
				CLANG_WARN_NON_LITERAL_NULL_CONVERSION = YES;
				CLANG_WARN_OBJC_IMPLICIT_RETAIN_SELF = YES;
				CLANG_WARN_OBJC_LITERAL_CONVERSION = YES;
				CLANG_WARN_OBJC_ROOT_CLASS = YES_ERROR;
				CLANG_WARN_QUOTED_INCLUDE_IN_FRAMEWORK_HEADER = YES;
				CLANG_WARN_RANGE_LOOP_ANALYSIS = YES;
				CLANG_WARN_STRICT_PROTOTYPES = YES;
				CLANG_WARN_SUSPICIOUS_MOVE = YES;
				CLANG_WARN_UNGUARDED_AVAILABILITY = YES_AGGRESSIVE;
				CLANG_WARN_UNREACHABLE_CODE = YES;
				CLANG_WARN__DUPLICATE_METHOD_MATCH = YES;
				COPY_PHASE_STRIP = NO;
				DEBUG_INFORMATION_FORMAT = dwarf;
				ENABLE_STRICT_OBJC_MSGSEND = YES;
				ENABLE_TESTABILITY = YES;
				GCC_C_LANGUAGE_STANDARD = gnu11;
				GCC_DYNAMIC_NO_PIC = NO;
				GCC_NO_COMMON_BLOCKS = YES;
				GCC_OPTIMIZATION_LEVEL = 0;
				GCC_PREPROCESSOR_DEFINITIONS = (
					"DEBUG=1",
					"$(inherited)",
				);
				GCC_WARN_64_TO_32_BIT_CONVERSION = YES;
				GCC_WARN_ABOUT_RETURN_TYPE = YES_ERROR;
				GCC_WARN_UNDECLARED_SELECTOR = YES;
				GCC_WARN_UNINITIALIZED_AUTOS = YES_AGGRESSIVE;
				GCC_WARN_UNUSED_FUNCTION = YES;
				GCC_WARN_UNUSED_VARIABLE = YES;
				IPHONEOS_DEPLOYMENT_TARGET = 13.0;
				MTL_ENABLE_DEBUG_INFO = INCLUDE_SOURCE;
				MTL_FAST_MATH = YES;
				ONLY_ACTIVE_ARCH = YES;
				SDKROOT = iphoneos;
				SWIFT_ACTIVE_COMPILATION_CONDITIONS = DEBUG;
				SWIFT_OPTIMIZATION_LEVEL = "-Onone";
			};
			name = Debug;
		};
		4F3BBE7A26F5F6E5004F04C1 /* Release */ = {
			isa = XCBuildConfiguration;
			buildSettings = {
				ALWAYS_SEARCH_USER_PATHS = NO;
				CLANG_ANALYZER_NONNULL = YES;
				CLANG_ANALYZER_NUMBER_OBJECT_CONVERSION = YES_AGGRESSIVE;
				CLANG_CXX_LANGUAGE_STANDARD = "gnu++14";
				CLANG_CXX_LIBRARY = "libc++";
				CLANG_ENABLE_MODULES = YES;
				CLANG_ENABLE_OBJC_ARC = YES;
				CLANG_ENABLE_OBJC_WEAK = YES;
				CLANG_WARN_BLOCK_CAPTURE_AUTORELEASING = YES;
				CLANG_WARN_BOOL_CONVERSION = YES;
				CLANG_WARN_COMMA = YES;
				CLANG_WARN_CONSTANT_CONVERSION = YES;
				CLANG_WARN_DEPRECATED_OBJC_IMPLEMENTATIONS = YES;
				CLANG_WARN_DIRECT_OBJC_ISA_USAGE = YES_ERROR;
				CLANG_WARN_DOCUMENTATION_COMMENTS = YES;
				CLANG_WARN_EMPTY_BODY = YES;
				CLANG_WARN_ENUM_CONVERSION = YES;
				CLANG_WARN_INFINITE_RECURSION = YES;
				CLANG_WARN_INT_CONVERSION = YES;
				CLANG_WARN_NON_LITERAL_NULL_CONVERSION = YES;
				CLANG_WARN_OBJC_IMPLICIT_RETAIN_SELF = YES;
				CLANG_WARN_OBJC_LITERAL_CONVERSION = YES;
				CLANG_WARN_OBJC_ROOT_CLASS = YES_ERROR;
				CLANG_WARN_QUOTED_INCLUDE_IN_FRAMEWORK_HEADER = YES;
				CLANG_WARN_RANGE_LOOP_ANALYSIS = YES;
				CLANG_WARN_STRICT_PROTOTYPES = YES;
				CLANG_WARN_SUSPICIOUS_MOVE = YES;
				CLANG_WARN_UNGUARDED_AVAILABILITY = YES_AGGRESSIVE;
				CLANG_WARN_UNREACHABLE_CODE = YES;
				CLANG_WARN__DUPLICATE_METHOD_MATCH = YES;
				COPY_PHASE_STRIP = NO;
				DEBUG_INFORMATION_FORMAT = "dwarf-with-dsym";
				ENABLE_NS_ASSERTIONS = NO;
				ENABLE_STRICT_OBJC_MSGSEND = YES;
				GCC_C_LANGUAGE_STANDARD = gnu11;
				GCC_NO_COMMON_BLOCKS = YES;
				GCC_WARN_64_TO_32_BIT_CONVERSION = YES;
				GCC_WARN_ABOUT_RETURN_TYPE = YES_ERROR;
				GCC_WARN_UNDECLARED_SELECTOR = YES;
				GCC_WARN_UNINITIALIZED_AUTOS = YES_AGGRESSIVE;
				GCC_WARN_UNUSED_FUNCTION = YES;
				GCC_WARN_UNUSED_VARIABLE = YES;
				IPHONEOS_DEPLOYMENT_TARGET = 13.0;
				MTL_ENABLE_DEBUG_INFO = NO;
				MTL_FAST_MATH = YES;
				SDKROOT = iphoneos;
				SWIFT_COMPILATION_MODE = wholemodule;
				SWIFT_OPTIMIZATION_LEVEL = "-O";
				VALIDATE_PRODUCT = YES;
			};
			name = Release;
		};
		4F3BBE7C26F5F6E5004F04C1 /* Debug */ = {
			isa = XCBuildConfiguration;
			buildSettings = {
				ASSETCATALOG_COMPILER_APPICON_NAME = AppIcon;
				ASSETCATALOG_COMPILER_GLOBAL_ACCENT_COLOR_NAME = AccentColor;
				CODE_SIGN_STYLE = Automatic;
				DEVELOPMENT_TEAM = YPGV8497R9;
				INFOPLIST_FILE = weatherApp/Info.plist;
				IPHONEOS_DEPLOYMENT_TARGET = 13.0;
				LD_RUNPATH_SEARCH_PATHS = (
					"$(inherited)",
					"@executable_path/Frameworks",
				);
				PRODUCT_BUNDLE_IDENTIFIER = com.aKushnerov.weatherApp;
				PRODUCT_NAME = "$(TARGET_NAME)";
				SWIFT_VERSION = 5.0;
				TARGETED_DEVICE_FAMILY = "1,2";
			};
			name = Debug;
		};
		4F3BBE7D26F5F6E5004F04C1 /* Release */ = {
			isa = XCBuildConfiguration;
			buildSettings = {
				ASSETCATALOG_COMPILER_APPICON_NAME = AppIcon;
				ASSETCATALOG_COMPILER_GLOBAL_ACCENT_COLOR_NAME = AccentColor;
				CODE_SIGN_STYLE = Automatic;
				DEVELOPMENT_TEAM = YPGV8497R9;
				INFOPLIST_FILE = weatherApp/Info.plist;
				IPHONEOS_DEPLOYMENT_TARGET = 13.0;
				LD_RUNPATH_SEARCH_PATHS = (
					"$(inherited)",
					"@executable_path/Frameworks",
				);
				PRODUCT_BUNDLE_IDENTIFIER = com.aKushnerov.weatherApp;
				PRODUCT_NAME = "$(TARGET_NAME)";
				SWIFT_VERSION = 5.0;
				TARGETED_DEVICE_FAMILY = "1,2";
			};
			name = Release;
		};
/* End XCBuildConfiguration section */

/* Begin XCConfigurationList section */
		4F3BBE6226F5F6E3004F04C1 /* Build configuration list for PBXProject "weatherApp" */ = {
			isa = XCConfigurationList;
			buildConfigurations = (
				4F3BBE7926F5F6E5004F04C1 /* Debug */,
				4F3BBE7A26F5F6E5004F04C1 /* Release */,
			);
			defaultConfigurationIsVisible = 0;
			defaultConfigurationName = Release;
		};
		4F3BBE7B26F5F6E5004F04C1 /* Build configuration list for PBXNativeTarget "weatherApp" */ = {
			isa = XCConfigurationList;
			buildConfigurations = (
				4F3BBE7C26F5F6E5004F04C1 /* Debug */,
				4F3BBE7D26F5F6E5004F04C1 /* Release */,
			);
			defaultConfigurationIsVisible = 0;
			defaultConfigurationName = Release;
		};
/* End XCConfigurationList section */
	};
	rootObject = 4F3BBE5F26F5F6E3004F04C1 /* Project object */;
}
